
Microsoft Visual Studio Solution File, Format Version 12.00
# Visual Studio Version 16
VisualStudioVersion = 16.0.30011.22
MinimumVisualStudioVersion = 10.0.40219.1
Project("{FAE04EC0-301F-11D3-BF4B-00C04F79EFBC}") = "Mitigate", "Mitigate.csproj", "{0DBED133-E25F-4E1E-AF67-F17BF3F60CA6}"
EndProject
Global
	GlobalSection(SolutionConfigurationPlatforms) = preSolution
		Debug|Any CPU = Debug|Any CPU
		Release|Any CPU = Release|Any CPU
	EndGlobalSection
	GlobalSection(ProjectConfigurationPlatforms) = postSolution
		{0DBED133-E25F-4E1E-AF67-F17BF3F60CA6}.Debug|Any CPU.ActiveCfg = Debug|Any CPU
		{0DBED133-E25F-4E1E-AF67-F17BF3F60CA6}.Debug|Any CPU.Build.0 = Debug|Any CPU
		{0DBED133-E25F-4E1E-AF67-F17BF3F60CA6}.Release|Any CPU.ActiveCfg = Release|Any CPU
		{0DBED133-E25F-4E1E-AF67-F17BF3F60CA6}.Release|Any CPU.Build.0 = Release|Any CPU
	EndGlobalSection
	GlobalSection(SolutionProperties) = preSolution
		HideSolutionNode = FALSE
	EndGlobalSection
	GlobalSection(ExtensibilityGlobals) = postSolution
		SolutionGuid = {595F5EAF-7027-4FEB-9977-4BCF840CC33D}
	EndGlobalSection
EndGlobal
